
Microsoft Visual Studio Solution File, Format Version 12.00
# Visual Studio Version 17
VisualStudioVersion = 17.5.002.0
MinimumVisualStudioVersion = 10.0.40219.1
Project("{9A19103F-16F7-4668-BE54-9A1E7A4F7556}") = "Lsn1", "Lsn1-example 1\Lsn1.csproj", "{9946EFC7-733A-41A0-BD2B-697B79C05AF5}"
EndProject
Project("{9A19103F-16F7-4668-BE54-9A1E7A4F7556}") = "Lsn1-example 2", "Lsn1-example 2\Lsn1-example 2.csproj", "{A24D6DE0-D00E-4559-BC71-90F56149AC51}"
EndProject
Project("{9A19103F-16F7-4668-BE54-9A1E7A4F7556}") = "Lsn1-example 3 Sum", "Lsn1-example 3 Sum\Lsn1-example 3 Sum.csproj", "{77545CC9-4A6C-4E99-99F7-1C6CB1B17922}"
EndProject
Project("{9A19103F-16F7-4668-BE54-9A1E7A4F7556}") = "Lsn1-example 4 diff", "Lsn1-example 4 diff\Lsn1-example 4 diff.csproj", "{A292A00E-D493-48C5-8EF8-82485066B1B7}"
EndProject
Project("{9A19103F-16F7-4668-BE54-9A1E7A4F7556}") = "Lsn1-example 5 IfElse", "Lsn1-example 5 IfElse\Lsn1-example 5 IfElse.csproj", "{A3DD46BA-21BA-49F1-8CBD-6DAFEB05ADBB}"
EndProject
Project("{9A19103F-16F7-4668-BE54-9A1E7A4F7556}") = "Lsn1-example 6 Base", "Lsn1-example 6 Base\Lsn1-example 6 Base.csproj", "{7CDA27E0-081C-49D5-84B9-5DB7103C0588}"
EndProject
Project("{9A19103F-16F7-4668-BE54-9A1E7A4F7556}") = "Lsn1-example 7 point", "Lsn1-example 7 point\Lsn1-example 7 point.csproj", "{53C687E0-6F41-40CF-A84C-F1863E371E95}"
EndProject
Project("{9A19103F-16F7-4668-BE54-9A1E7A4F7556}") = "Lsn2-example 1", "Lsn2-example 1\Lsn2-example 1.csproj", "{C5A8D325-C6D0-4DA0-A9FA-0A84110124BF}"
EndProject
Project("{9A19103F-16F7-4668-BE54-9A1E7A4F7556}") = "Lsn2-example 2", "Lsn2-example 2\Lsn2-example 2.csproj", "{E7153AAB-E8A8-4E44-9B05-A7BE0EE152C4}"
EndProject
Project("{9A19103F-16F7-4668-BE54-9A1E7A4F7556}") = "Lsn2-example 3", "Lsn2-example 3\Lsn2-example 3.csproj", "{A6963687-1FC4-4282-A7F9-71F5CD4E2F96}"
EndProject
Project("{9A19103F-16F7-4668-BE54-9A1E7A4F7556}") = "Lsn2-example 4", "Lsn2-example 4\Lsn2-example 4.csproj", "{B264CF72-D662-4FB8-8B36-D8F7005935E5}"
EndProject
Project("{2150E333-8FDC-42A3-9474-1A3956D46DE8}") = "Sem 1", "Sem 1", "{926A88E1-518B-457E-B925-B4A89618A1FF}"
EndProject
Project("{9A19103F-16F7-4668-BE54-9A1E7A4F7556}") = "task00", "Sem 1\task00\task00.csproj", "{51998657-D81F-49F3-BBEA-11468DD99092}"
EndProject
Project("{9A19103F-16F7-4668-BE54-9A1E7A4F7556}") = "task01", "Sem 1\task01\task01.csproj", "{08369EF4-F869-41BD-B402-75CD9FEF1151}"
EndProject
Project("{9A19103F-16F7-4668-BE54-9A1E7A4F7556}") = "task03", "Sem 1\task03\task03.csproj", "{2D001B00-022B-4C2B-9E1A-1476CFFA47F2}"
EndProject
Project("{9A19103F-16F7-4668-BE54-9A1E7A4F7556}") = "task05", "Sem 1\task05\task05.csproj", "{E55212DE-3EC8-45A3-B98C-861EC3E08D13}"
EndProject
Project("{9A19103F-16F7-4668-BE54-9A1E7A4F7556}") = "task07", "Sem 1\task07\task07.csproj", "{1AD9E6F3-13DC-43D5-965C-37C4FB40475F}"
EndProject
Project("{2150E333-8FDC-42A3-9474-1A3956D46DE8}") = "Sem 2", "Sem 2", "{05AB6867-B11E-4ADF-8638-F2B4F2A0AB4A}"
EndProject
Project("{9A19103F-16F7-4668-BE54-9A1E7A4F7556}") = "task09", "Sem 2\task09\task09.csproj", "{41C775D8-95ED-4AEA-A3F8-EB310EFDD368}"
EndProject
Project("{9A19103F-16F7-4668-BE54-9A1E7A4F7556}") = "task11", "Sem 2\task11\task11.csproj", "{57E8DEB8-5DE6-4ADB-889C-A99CA06A191F}"
EndProject
Project("{9A19103F-16F7-4668-BE54-9A1E7A4F7556}") = "task12", "Sem 2\task12\task12.csproj", "{71E69C86-1F47-4123-8673-23F0A209CC00}"
EndProject
Project("{9A19103F-16F7-4668-BE54-9A1E7A4F7556}") = "task14", "Sem 2\task14\task14.csproj", "{EF9119E7-E1FE-4D28-BFF6-19141D38CF9A}"
EndProject
Project("{9A19103F-16F7-4668-BE54-9A1E7A4F7556}") = "task16", "Sem 2\task16\task16.csproj", "{4496DA2D-03E2-4D85-8A9A-0A528D58AB78}"
EndProject
Global
	GlobalSection(SolutionConfigurationPlatforms) = preSolution
		Debug|Any CPU = Debug|Any CPU
		Release|Any CPU = Release|Any CPU
	EndGlobalSection
	GlobalSection(ProjectConfigurationPlatforms) = postSolution
		{9946EFC7-733A-41A0-BD2B-697B79C05AF5}.Debug|Any CPU.ActiveCfg = Debug|Any CPU
		{9946EFC7-733A-41A0-BD2B-697B79C05AF5}.Debug|Any CPU.Build.0 = Debug|Any CPU
		{9946EFC7-733A-41A0-BD2B-697B79C05AF5}.Release|Any CPU.ActiveCfg = Release|Any CPU
		{9946EFC7-733A-41A0-BD2B-697B79C05AF5}.Release|Any CPU.Build.0 = Release|Any CPU
		{A24D6DE0-D00E-4559-BC71-90F56149AC51}.Debug|Any CPU.ActiveCfg = Debug|Any CPU
		{A24D6DE0-D00E-4559-BC71-90F56149AC51}.Debug|Any CPU.Build.0 = Debug|Any CPU
		{A24D6DE0-D00E-4559-BC71-90F56149AC51}.Release|Any CPU.ActiveCfg = Release|Any CPU
		{A24D6DE0-D00E-4559-BC71-90F56149AC51}.Release|Any CPU.Build.0 = Release|Any CPU
		{77545CC9-4A6C-4E99-99F7-1C6CB1B17922}.Debug|Any CPU.ActiveCfg = Debug|Any CPU
		{77545CC9-4A6C-4E99-99F7-1C6CB1B17922}.Debug|Any CPU.Build.0 = Debug|Any CPU
		{77545CC9-4A6C-4E99-99F7-1C6CB1B17922}.Release|Any CPU.ActiveCfg = Release|Any CPU
		{77545CC9-4A6C-4E99-99F7-1C6CB1B17922}.Release|Any CPU.Build.0 = Release|Any CPU
		{A292A00E-D493-48C5-8EF8-82485066B1B7}.Debug|Any CPU.ActiveCfg = Debug|Any CPU
		{A292A00E-D493-48C5-8EF8-82485066B1B7}.Debug|Any CPU.Build.0 = Debug|Any CPU
		{A292A00E-D493-48C5-8EF8-82485066B1B7}.Release|Any CPU.ActiveCfg = Release|Any CPU
		{A292A00E-D493-48C5-8EF8-82485066B1B7}.Release|Any CPU.Build.0 = Release|Any CPU
		{A3DD46BA-21BA-49F1-8CBD-6DAFEB05ADBB}.Debug|Any CPU.ActiveCfg = Debug|Any CPU
		{A3DD46BA-21BA-49F1-8CBD-6DAFEB05ADBB}.Debug|Any CPU.Build.0 = Debug|Any CPU
		{A3DD46BA-21BA-49F1-8CBD-6DAFEB05ADBB}.Release|Any CPU.ActiveCfg = Release|Any CPU
		{A3DD46BA-21BA-49F1-8CBD-6DAFEB05ADBB}.Release|Any CPU.Build.0 = Release|Any CPU
		{7CDA27E0-081C-49D5-84B9-5DB7103C0588}.Debug|Any CPU.ActiveCfg = Debug|Any CPU
		{7CDA27E0-081C-49D5-84B9-5DB7103C0588}.Debug|Any CPU.Build.0 = Debug|Any CPU
		{7CDA27E0-081C-49D5-84B9-5DB7103C0588}.Release|Any CPU.ActiveCfg = Release|Any CPU
		{7CDA27E0-081C-49D5-84B9-5DB7103C0588}.Release|Any CPU.Build.0 = Release|Any CPU
		{53C687E0-6F41-40CF-A84C-F1863E371E95}.Debug|Any CPU.ActiveCfg = Debug|Any CPU
		{53C687E0-6F41-40CF-A84C-F1863E371E95}.Debug|Any CPU.Build.0 = Debug|Any CPU
		{53C687E0-6F41-40CF-A84C-F1863E371E95}.Release|Any CPU.ActiveCfg = Release|Any CPU
		{53C687E0-6F41-40CF-A84C-F1863E371E95}.Release|Any CPU.Build.0 = Release|Any CPU
		{C5A8D325-C6D0-4DA0-A9FA-0A84110124BF}.Debug|Any CPU.ActiveCfg = Debug|Any CPU
		{C5A8D325-C6D0-4DA0-A9FA-0A84110124BF}.Debug|Any CPU.Build.0 = Debug|Any CPU
		{C5A8D325-C6D0-4DA0-A9FA-0A84110124BF}.Release|Any CPU.ActiveCfg = Release|Any CPU
		{C5A8D325-C6D0-4DA0-A9FA-0A84110124BF}.Release|Any CPU.Build.0 = Release|Any CPU
		{E7153AAB-E8A8-4E44-9B05-A7BE0EE152C4}.Debug|Any CPU.ActiveCfg = Debug|Any CPU
		{E7153AAB-E8A8-4E44-9B05-A7BE0EE152C4}.Debug|Any CPU.Build.0 = Debug|Any CPU
		{E7153AAB-E8A8-4E44-9B05-A7BE0EE152C4}.Release|Any CPU.ActiveCfg = Release|Any CPU
		{E7153AAB-E8A8-4E44-9B05-A7BE0EE152C4}.Release|Any CPU.Build.0 = Release|Any CPU
		{A6963687-1FC4-4282-A7F9-71F5CD4E2F96}.Debug|Any CPU.ActiveCfg = Debug|Any CPU
		{A6963687-1FC4-4282-A7F9-71F5CD4E2F96}.Debug|Any CPU.Build.0 = Debug|Any CPU
		{A6963687-1FC4-4282-A7F9-71F5CD4E2F96}.Release|Any CPU.ActiveCfg = Release|Any CPU
		{A6963687-1FC4-4282-A7F9-71F5CD4E2F96}.Release|Any CPU.Build.0 = Release|Any CPU
		{B264CF72-D662-4FB8-8B36-D8F7005935E5}.Debug|Any CPU.ActiveCfg = Debug|Any CPU
		{B264CF72-D662-4FB8-8B36-D8F7005935E5}.Debug|Any CPU.Build.0 = Debug|Any CPU
		{B264CF72-D662-4FB8-8B36-D8F7005935E5}.Release|Any CPU.ActiveCfg = Release|Any CPU
		{B264CF72-D662-4FB8-8B36-D8F7005935E5}.Release|Any CPU.Build.0 = Release|Any CPU
		{51998657-D81F-49F3-BBEA-11468DD99092}.Debug|Any CPU.ActiveCfg = Debug|Any CPU
		{51998657-D81F-49F3-BBEA-11468DD99092}.Debug|Any CPU.Build.0 = Debug|Any CPU
		{51998657-D81F-49F3-BBEA-11468DD99092}.Release|Any CPU.ActiveCfg = Release|Any CPU
		{51998657-D81F-49F3-BBEA-11468DD99092}.Release|Any CPU.Build.0 = Release|Any CPU
		{08369EF4-F869-41BD-B402-75CD9FEF1151}.Debug|Any CPU.ActiveCfg = Debug|Any CPU
		{08369EF4-F869-41BD-B402-75CD9FEF1151}.Debug|Any CPU.Build.0 = Debug|Any CPU
		{08369EF4-F869-41BD-B402-75CD9FEF1151}.Release|Any CPU.ActiveCfg = Release|Any CPU
		{08369EF4-F869-41BD-B402-75CD9FEF1151}.Release|Any CPU.Build.0 = Release|Any CPU
		{2D001B00-022B-4C2B-9E1A-1476CFFA47F2}.Debug|Any CPU.ActiveCfg = Debug|Any CPU
		{2D001B00-022B-4C2B-9E1A-1476CFFA47F2}.Debug|Any CPU.Build.0 = Debug|Any CPU
		{2D001B00-022B-4C2B-9E1A-1476CFFA47F2}.Release|Any CPU.ActiveCfg = Release|Any CPU
		{2D001B00-022B-4C2B-9E1A-1476CFFA47F2}.Release|Any CPU.Build.0 = Release|Any CPU
		{E55212DE-3EC8-45A3-B98C-861EC3E08D13}.Debug|Any CPU.ActiveCfg = Debug|Any CPU
		{E55212DE-3EC8-45A3-B98C-861EC3E08D13}.Debug|Any CPU.Build.0 = Debug|Any CPU
		{E55212DE-3EC8-45A3-B98C-861EC3E08D13}.Release|Any CPU.ActiveCfg = Release|Any CPU
		{E55212DE-3EC8-45A3-B98C-861EC3E08D13}.Release|Any CPU.Build.0 = Release|Any CPU
		{1AD9E6F3-13DC-43D5-965C-37C4FB40475F}.Debug|Any CPU.ActiveCfg = Debug|Any CPU
		{1AD9E6F3-13DC-43D5-965C-37C4FB40475F}.Debug|Any CPU.Build.0 = Debug|Any CPU
		{1AD9E6F3-13DC-43D5-965C-37C4FB40475F}.Release|Any CPU.ActiveCfg = Release|Any CPU
		{1AD9E6F3-13DC-43D5-965C-37C4FB40475F}.Release|Any CPU.Build.0 = Release|Any CPU
		{41C775D8-95ED-4AEA-A3F8-EB310EFDD368}.Debug|Any CPU.ActiveCfg = Debug|Any CPU
		{41C775D8-95ED-4AEA-A3F8-EB310EFDD368}.Debug|Any CPU.Build.0 = Debug|Any CPU
		{41C775D8-95ED-4AEA-A3F8-EB310EFDD368}.Release|Any CPU.ActiveCfg = Release|Any CPU
		{41C775D8-95ED-4AEA-A3F8-EB310EFDD368}.Release|Any CPU.Build.0 = Release|Any CPU
		{57E8DEB8-5DE6-4ADB-889C-A99CA06A191F}.Debug|Any CPU.ActiveCfg = Debug|Any CPU
		{57E8DEB8-5DE6-4ADB-889C-A99CA06A191F}.Debug|Any CPU.Build.0 = Debug|Any CPU
		{57E8DEB8-5DE6-4ADB-889C-A99CA06A191F}.Release|Any CPU.ActiveCfg = Release|Any CPU
		{57E8DEB8-5DE6-4ADB-889C-A99CA06A191F}.Release|Any CPU.Build.0 = Release|Any CPU
		{71E69C86-1F47-4123-8673-23F0A209CC00}.Debug|Any CPU.ActiveCfg = Debug|Any CPU
		{71E69C86-1F47-4123-8673-23F0A209CC00}.Debug|Any CPU.Build.0 = Debug|Any CPU
		{71E69C86-1F47-4123-8673-23F0A209CC00}.Release|Any CPU.ActiveCfg = Release|Any CPU
		{71E69C86-1F47-4123-8673-23F0A209CC00}.Release|Any CPU.Build.0 = Release|Any CPU
		{EF9119E7-E1FE-4D28-BFF6-19141D38CF9A}.Debug|Any CPU.ActiveCfg = Debug|Any CPU
		{EF9119E7-E1FE-4D28-BFF6-19141D38CF9A}.Debug|Any CPU.Build.0 = Debug|Any CPU
		{EF9119E7-E1FE-4D28-BFF6-19141D38CF9A}.Release|Any CPU.ActiveCfg = Release|Any CPU
		{EF9119E7-E1FE-4D28-BFF6-19141D38CF9A}.Release|Any CPU.Build.0 = Release|Any CPU
		{4496DA2D-03E2-4D85-8A9A-0A528D58AB78}.Debug|Any CPU.ActiveCfg = Debug|Any CPU
		{4496DA2D-03E2-4D85-8A9A-0A528D58AB78}.Debug|Any CPU.Build.0 = Debug|Any CPU
		{4496DA2D-03E2-4D85-8A9A-0A528D58AB78}.Release|Any CPU.ActiveCfg = Release|Any CPU
		{4496DA2D-03E2-4D85-8A9A-0A528D58AB78}.Release|Any CPU.Build.0 = Release|Any CPU
	EndGlobalSection
	GlobalSection(SolutionProperties) = preSolution
		HideSolutionNode = FALSE
	EndGlobalSection
	GlobalSection(NestedProjects) = preSolution
		{51998657-D81F-49F3-BBEA-11468DD99092} = {926A88E1-518B-457E-B925-B4A89618A1FF}
		{08369EF4-F869-41BD-B402-75CD9FEF1151} = {926A88E1-518B-457E-B925-B4A89618A1FF}
		{2D001B00-022B-4C2B-9E1A-1476CFFA47F2} = {926A88E1-518B-457E-B925-B4A89618A1FF}
		{E55212DE-3EC8-45A3-B98C-861EC3E08D13} = {926A88E1-518B-457E-B925-B4A89618A1FF}
		{1AD9E6F3-13DC-43D5-965C-37C4FB40475F} = {926A88E1-518B-457E-B925-B4A89618A1FF}
		{41C775D8-95ED-4AEA-A3F8-EB310EFDD368} = {05AB6867-B11E-4ADF-8638-F2B4F2A0AB4A}
		{57E8DEB8-5DE6-4ADB-889C-A99CA06A191F} = {05AB6867-B11E-4ADF-8638-F2B4F2A0AB4A}
		{71E69C86-1F47-4123-8673-23F0A209CC00} = {05AB6867-B11E-4ADF-8638-F2B4F2A0AB4A}
		{EF9119E7-E1FE-4D28-BFF6-19141D38CF9A} = {05AB6867-B11E-4ADF-8638-F2B4F2A0AB4A}
		{4496DA2D-03E2-4D85-8A9A-0A528D58AB78} = {05AB6867-B11E-4ADF-8638-F2B4F2A0AB4A}
	EndGlobalSection
	GlobalSection(ExtensibilityGlobals) = postSolution
		SolutionGuid = {6107C065-BEF3-43D7-8086-3025F0DCF2B5}
	EndGlobalSection
EndGlobal
